
Microsoft Visual Studio Solution File, Format Version 12.00
# Visual Studio 2013
VisualStudioVersion = 12.0.30501.0
MinimumVisualStudioVersion = 10.0.40219.1
Project("{FAE04EC0-301F-11D3-BF4B-00C04F79EFBC}") = "WpfApplicationTest", "WpfApplicationTest\WpfApplicationTest.csproj", "{579C8241-6C8C-4405-8E1A-612E8D11FF78}"
EndProject
Project("{FAE04EC0-301F-11D3-BF4B-00C04F79EFBC}") = "ConsoleApplicationTest", "ConsoleApplicationTest\ConsoleApplicationTest.csproj", "{A0E98ED5-E3E4-46C0-A6BE-4D90FC063091}"
EndProject
Global
	GlobalSection(SolutionConfigurationPlatforms) = preSolution
		Debug|Any CPU = Debug|Any CPU
		Release|Any CPU = Release|Any CPU
	EndGlobalSection
	GlobalSection(ProjectConfigurationPlatforms) = postSolution
		{579C8241-6C8C-4405-8E1A-612E8D11FF78}.Debug|Any CPU.ActiveCfg = Debug|Any CPU
		{579C8241-6C8C-4405-8E1A-612E8D11FF78}.Debug|Any CPU.Build.0 = Debug|Any CPU
		{579C8241-6C8C-4405-8E1A-612E8D11FF78}.Release|Any CPU.ActiveCfg = Release|Any CPU
		{579C8241-6C8C-4405-8E1A-612E8D11FF78}.Release|Any CPU.Build.0 = Release|Any CPU
		{A0E98ED5-E3E4-46C0-A6BE-4D90FC063091}.Debug|Any CPU.ActiveCfg = Debug|Any CPU
		{A0E98ED5-E3E4-46C0-A6BE-4D90FC063091}.Debug|Any CPU.Build.0 = Debug|Any CPU
		{A0E98ED5-E3E4-46C0-A6BE-4D90FC063091}.Release|Any CPU.ActiveCfg = Release|Any CPU
		{A0E98ED5-E3E4-46C0-A6BE-4D90FC063091}.Release|Any CPU.Build.0 = Release|Any CPU
	EndGlobalSection
	GlobalSection(SolutionProperties) = preSolution
		HideSolutionNode = FALSE
	EndGlobalSection
EndGlobal
