
Microsoft Visual Studio Solution File, Format Version 12.00
# Visual Studio 2013
VisualStudioVersion = 12.0.30501.0
MinimumVisualStudioVersion = 10.0.40219.1
Project("{FAE04EC0-301F-11D3-BF4B-00C04F79EFBC}") = "SyncAsyncSample", "WpfApplicationTest\SyncAsyncSample.csproj", "{579C8241-6C8C-4405-8E1A-612E8D11FF78}"
EndProject
Project("{FAE04EC0-301F-11D3-BF4B-00C04F79EFBC}") = "EventSample", "ConsoleApplicationTest\EventSample.csproj", "{A0E98ED5-E3E4-46C0-A6BE-4D90FC063091}"
EndProject
Project("{FAE04EC0-301F-11D3-BF4B-00C04F79EFBC}") = "ConsoleApplication1", "ConsoleApplication1\ConsoleApplication1.csproj", "{009178F7-7A98-4B56-A6AE-03687E6FC48E}"
EndProject
Project("{FAE04EC0-301F-11D3-BF4B-00C04F79EFBC}") = "1_1WindowApplication", "WpfApplicationTest2\1_1WindowApplication.csproj", "{C579D9B3-037E-4090-8453-D0D83F83BE3A}"
EndProject
Project("{FAE04EC0-301F-11D3-BF4B-00C04F79EFBC}") = "1_2WindowApplicationResource", "1_2WindowApplicationResource\1_2WindowApplicationResource.csproj", "{CAD7BFD6-1EC8-4BDE-AB27-E7E201FC3679}"
EndProject
Project("{FAE04EC0-301F-11D3-BF4B-00C04F79EFBC}") = "1_3WindowApplicationResourceFromCode", "1_3WindowApplicationResourceFromCode\1_3WindowApplicationResourceFromCode.csproj", "{F4775BC2-6899-416F-9FDB-17429AAAF61D}"
EndProject
Project("{FAE04EC0-301F-11D3-BF4B-00C04F79EFBC}") = "2_1TextBlock", "2_1TextBlock\2_1TextBlock.csproj", "{1D717DD2-889F-49C1-9ADB-57F11AD6D2D2}"
EndProject
Project("{FAE04EC0-301F-11D3-BF4B-00C04F79EFBC}") = "2_2BasicControls2", "2_2BasicControls2\2_2BasicControls2.csproj", "{FE8CF32F-B75F-4EE3-AB84-C33D29464586}"
EndProject
Project("{FAE04EC0-301F-11D3-BF4B-00C04F79EFBC}") = "3_1ToolTips", "3_1ToolTips\3_1ToolTips.csproj", "{49DE36D3-8C0E-425B-9F36-534B9EC45C7D}"
EndProject
Project("{FAE04EC0-301F-11D3-BF4B-00C04F79EFBC}") = "4_1Panels1", "4_1Panels1\4_1Panels1.csproj", "{573E05E4-99E5-47B5-A94A-6F7F4CB661C5}"
EndProject
Project("{FAE04EC0-301F-11D3-BF4B-00C04F79EFBC}") = "4_2Panels2", "4_2Panels2\4_2Panels2.csproj", "{53C53242-C494-4C66-8257-3B57E85CFF21}"
EndProject
Project("{FAE04EC0-301F-11D3-BF4B-00C04F79EFBC}") = "4_3Panels3Grids", "4_3Panels3Grids\4_3Panels3Grids.csproj", "{6580DFE4-FB7F-4AC6-9190-76921585790D}"
EndProject
Global
	GlobalSection(SolutionConfigurationPlatforms) = preSolution
		Debug|Any CPU = Debug|Any CPU
		Release|Any CPU = Release|Any CPU
	EndGlobalSection
	GlobalSection(ProjectConfigurationPlatforms) = postSolution
		{579C8241-6C8C-4405-8E1A-612E8D11FF78}.Debug|Any CPU.ActiveCfg = Debug|Any CPU
		{579C8241-6C8C-4405-8E1A-612E8D11FF78}.Debug|Any CPU.Build.0 = Debug|Any CPU
		{579C8241-6C8C-4405-8E1A-612E8D11FF78}.Release|Any CPU.ActiveCfg = Release|Any CPU
		{579C8241-6C8C-4405-8E1A-612E8D11FF78}.Release|Any CPU.Build.0 = Release|Any CPU
		{A0E98ED5-E3E4-46C0-A6BE-4D90FC063091}.Debug|Any CPU.ActiveCfg = Debug|Any CPU
		{A0E98ED5-E3E4-46C0-A6BE-4D90FC063091}.Debug|Any CPU.Build.0 = Debug|Any CPU
		{A0E98ED5-E3E4-46C0-A6BE-4D90FC063091}.Release|Any CPU.ActiveCfg = Release|Any CPU
		{A0E98ED5-E3E4-46C0-A6BE-4D90FC063091}.Release|Any CPU.Build.0 = Release|Any CPU
		{009178F7-7A98-4B56-A6AE-03687E6FC48E}.Debug|Any CPU.ActiveCfg = Debug|Any CPU
		{009178F7-7A98-4B56-A6AE-03687E6FC48E}.Debug|Any CPU.Build.0 = Debug|Any CPU
		{009178F7-7A98-4B56-A6AE-03687E6FC48E}.Release|Any CPU.ActiveCfg = Release|Any CPU
		{009178F7-7A98-4B56-A6AE-03687E6FC48E}.Release|Any CPU.Build.0 = Release|Any CPU
		{C579D9B3-037E-4090-8453-D0D83F83BE3A}.Debug|Any CPU.ActiveCfg = Debug|Any CPU
		{C579D9B3-037E-4090-8453-D0D83F83BE3A}.Debug|Any CPU.Build.0 = Debug|Any CPU
		{C579D9B3-037E-4090-8453-D0D83F83BE3A}.Release|Any CPU.ActiveCfg = Release|Any CPU
		{C579D9B3-037E-4090-8453-D0D83F83BE3A}.Release|Any CPU.Build.0 = Release|Any CPU
		{CAD7BFD6-1EC8-4BDE-AB27-E7E201FC3679}.Debug|Any CPU.ActiveCfg = Debug|Any CPU
		{CAD7BFD6-1EC8-4BDE-AB27-E7E201FC3679}.Debug|Any CPU.Build.0 = Debug|Any CPU
		{CAD7BFD6-1EC8-4BDE-AB27-E7E201FC3679}.Release|Any CPU.ActiveCfg = Release|Any CPU
		{CAD7BFD6-1EC8-4BDE-AB27-E7E201FC3679}.Release|Any CPU.Build.0 = Release|Any CPU
		{F4775BC2-6899-416F-9FDB-17429AAAF61D}.Debug|Any CPU.ActiveCfg = Debug|Any CPU
		{F4775BC2-6899-416F-9FDB-17429AAAF61D}.Debug|Any CPU.Build.0 = Debug|Any CPU
		{F4775BC2-6899-416F-9FDB-17429AAAF61D}.Release|Any CPU.ActiveCfg = Release|Any CPU
		{F4775BC2-6899-416F-9FDB-17429AAAF61D}.Release|Any CPU.Build.0 = Release|Any CPU
		{1D717DD2-889F-49C1-9ADB-57F11AD6D2D2}.Debug|Any CPU.ActiveCfg = Debug|Any CPU
		{1D717DD2-889F-49C1-9ADB-57F11AD6D2D2}.Debug|Any CPU.Build.0 = Debug|Any CPU
		{1D717DD2-889F-49C1-9ADB-57F11AD6D2D2}.Release|Any CPU.ActiveCfg = Release|Any CPU
		{1D717DD2-889F-49C1-9ADB-57F11AD6D2D2}.Release|Any CPU.Build.0 = Release|Any CPU
		{FE8CF32F-B75F-4EE3-AB84-C33D29464586}.Debug|Any CPU.ActiveCfg = Debug|Any CPU
		{FE8CF32F-B75F-4EE3-AB84-C33D29464586}.Debug|Any CPU.Build.0 = Debug|Any CPU
		{FE8CF32F-B75F-4EE3-AB84-C33D29464586}.Release|Any CPU.ActiveCfg = Release|Any CPU
		{FE8CF32F-B75F-4EE3-AB84-C33D29464586}.Release|Any CPU.Build.0 = Release|Any CPU
		{49DE36D3-8C0E-425B-9F36-534B9EC45C7D}.Debug|Any CPU.ActiveCfg = Debug|Any CPU
		{49DE36D3-8C0E-425B-9F36-534B9EC45C7D}.Debug|Any CPU.Build.0 = Debug|Any CPU
		{49DE36D3-8C0E-425B-9F36-534B9EC45C7D}.Release|Any CPU.ActiveCfg = Release|Any CPU
		{49DE36D3-8C0E-425B-9F36-534B9EC45C7D}.Release|Any CPU.Build.0 = Release|Any CPU
		{573E05E4-99E5-47B5-A94A-6F7F4CB661C5}.Debug|Any CPU.ActiveCfg = Debug|Any CPU
		{573E05E4-99E5-47B5-A94A-6F7F4CB661C5}.Debug|Any CPU.Build.0 = Debug|Any CPU
		{573E05E4-99E5-47B5-A94A-6F7F4CB661C5}.Release|Any CPU.ActiveCfg = Release|Any CPU
		{573E05E4-99E5-47B5-A94A-6F7F4CB661C5}.Release|Any CPU.Build.0 = Release|Any CPU
		{53C53242-C494-4C66-8257-3B57E85CFF21}.Debug|Any CPU.ActiveCfg = Debug|Any CPU
		{53C53242-C494-4C66-8257-3B57E85CFF21}.Debug|Any CPU.Build.0 = Debug|Any CPU
		{53C53242-C494-4C66-8257-3B57E85CFF21}.Release|Any CPU.ActiveCfg = Release|Any CPU
		{53C53242-C494-4C66-8257-3B57E85CFF21}.Release|Any CPU.Build.0 = Release|Any CPU
		{6580DFE4-FB7F-4AC6-9190-76921585790D}.Debug|Any CPU.ActiveCfg = Debug|Any CPU
		{6580DFE4-FB7F-4AC6-9190-76921585790D}.Debug|Any CPU.Build.0 = Debug|Any CPU
		{6580DFE4-FB7F-4AC6-9190-76921585790D}.Release|Any CPU.ActiveCfg = Release|Any CPU
		{6580DFE4-FB7F-4AC6-9190-76921585790D}.Release|Any CPU.Build.0 = Release|Any CPU
	EndGlobalSection
	GlobalSection(SolutionProperties) = preSolution
		HideSolutionNode = FALSE
	EndGlobalSection
EndGlobal
